
Microsoft Visual Studio Solution File, Format Version 12.00
# Visual Studio Version 17
VisualStudioVersion = 17.1.32210.238
MinimumVisualStudioVersion = 10.0.40219.1
Project("{9A19103F-16F7-4668-BE54-9A1E7A4F7556}") = "AzureWebAppSample", "AzureWebAppSample\AzureWebAppSample.csproj", "{021F3538-F990-4DF0-8250-10F39A18C4F3}"
EndProject
Project("{2150E333-8FDC-42A3-9474-1A3956D46DE8}") = "SolutionFolder", "SolutionFolder", "{A715D3E7-1F29-49DB-88D1-72FD91C6BAA1}"
	ProjectSection(SolutionItems) = preProject
		README.md = README.md
	EndProjectSection
EndProject
Global
	GlobalSection(SolutionConfigurationPlatforms) = preSolution
		Debug|Any CPU = Debug|Any CPU
		Release|Any CPU = Release|Any CPU
	EndGlobalSection
	GlobalSection(ProjectConfigurationPlatforms) = postSolution
		{021F3538-F990-4DF0-8250-10F39A18C4F3}.Debug|Any CPU.ActiveCfg = Debug|Any CPU
		{021F3538-F990-4DF0-8250-10F39A18C4F3}.Debug|Any CPU.Build.0 = Debug|Any CPU
		{021F3538-F990-4DF0-8250-10F39A18C4F3}.Release|Any CPU.ActiveCfg = Release|Any CPU
		{021F3538-F990-4DF0-8250-10F39A18C4F3}.Release|Any CPU.Build.0 = Release|Any CPU
	EndGlobalSection
	GlobalSection(SolutionProperties) = preSolution
		HideSolutionNode = FALSE
	EndGlobalSection
	GlobalSection(ExtensibilityGlobals) = postSolution
		SolutionGuid = {58981DF8-5016-4D8A-8EEE-AAAA57163C48}
	EndGlobalSection
EndGlobal
